
Microsoft Visual Studio Solution File, Format Version 12.00
# Visual Studio Version 16
VisualStudioVersion = 16.0.29418.71
MinimumVisualStudioVersion = 10.0.40219.1
Project("{FAE04EC0-301F-11D3-BF4B-00C04F79EFBC}") = "SlideShowProblem", "SlideShowProblem\SlideShowProblem.csproj", "{C7611FCB-4A66-4A8C-83C5-E93DA6B47C0A}"
EndProject
Global
	GlobalSection(SolutionConfigurationPlatforms) = preSolution
		Debug|Any CPU = Debug|Any CPU
		Release|Any CPU = Release|Any CPU
	EndGlobalSection
	GlobalSection(ProjectConfigurationPlatforms) = postSolution
		{C7611FCB-4A66-4A8C-83C5-E93DA6B47C0A}.Debug|Any CPU.ActiveCfg = Debug|Any CPU
		{C7611FCB-4A66-4A8C-83C5-E93DA6B47C0A}.Debug|Any CPU.Build.0 = Debug|Any CPU
		{C7611FCB-4A66-4A8C-83C5-E93DA6B47C0A}.Release|Any CPU.ActiveCfg = Release|Any CPU
		{C7611FCB-4A66-4A8C-83C5-E93DA6B47C0A}.Release|Any CPU.Build.0 = Release|Any CPU
	EndGlobalSection
	GlobalSection(SolutionProperties) = preSolution
		HideSolutionNode = FALSE
	EndGlobalSection
	GlobalSection(ExtensibilityGlobals) = postSolution
		SolutionGuid = {D60EB3F9-43B2-4841-9DA7-133D6768A4DD}
	EndGlobalSection
EndGlobal
